
Microsoft Visual Studio Solution File, Format Version 12.00
# Visual Studio Version 16
VisualStudioVersion = 16.0.31019.35
MinimumVisualStudioVersion = 10.0.40219.1
Project("{FAE04EC0-301F-11D3-BF4B-00C04F79EFBC}") = "WizardQuestConsoleApp", "WizardQuestConsoleApp.csproj", "{8268B5AC-C882-4F2C-9781-FAD8C9E72649}"
EndProject
Global
	GlobalSection(SolutionConfigurationPlatforms) = preSolution
		Debug|Any CPU = Debug|Any CPU
		Release|Any CPU = Release|Any CPU
	EndGlobalSection
	GlobalSection(ProjectConfigurationPlatforms) = postSolution
		{8268B5AC-C882-4F2C-9781-FAD8C9E72649}.Debug|Any CPU.ActiveCfg = Debug|Any CPU
		{8268B5AC-C882-4F2C-9781-FAD8C9E72649}.Debug|Any CPU.Build.0 = Debug|Any CPU
		{8268B5AC-C882-4F2C-9781-FAD8C9E72649}.Release|Any CPU.ActiveCfg = Release|Any CPU
		{8268B5AC-C882-4F2C-9781-FAD8C9E72649}.Release|Any CPU.Build.0 = Release|Any CPU
	EndGlobalSection
	GlobalSection(SolutionProperties) = preSolution
		HideSolutionNode = FALSE
	EndGlobalSection
	GlobalSection(ExtensibilityGlobals) = postSolution
		SolutionGuid = {9CB2A2EC-E5E0-4F1E-ABF9-6D9CCC6637E3}
	EndGlobalSection
EndGlobal
